// !$*UTF8*$!
{
	archiveVersion = 1;
	classes = {
	};
	objectVersion = 46;
	objects = {

/* Begin PBXBuildFile section */
		900534AA1DD1ADD4000E089C /* main.m in Sources */ = {isa = PBXBuildFile; fileRef = 900534A91DD1ADD4000E089C /* main.m */; };
		900534B31DD1ADD4000E089C /* Main.storyboard in Resources */ = {isa = PBXBuildFile; fileRef = 900534B11DD1ADD4000E089C /* Main.storyboard */; };
		900534B61DD1ADD4000E089C /* ____.xcdatamodeld in Sources */ = {isa = PBXBuildFile; fileRef = 900534B41DD1ADD4000E089C /* ____.xcdatamodeld */; };
		900534B81DD1ADD4000E089C /* Assets.xcassets in Resources */ = {isa = PBXBuildFile; fileRef = 900534B71DD1ADD4000E089C /* Assets.xcassets */; };
		900534BB1DD1ADD4000E089C /* LaunchScreen.storyboard in Resources */ = {isa = PBXBuildFile; fileRef = 900534B91DD1ADD4000E089C /* LaunchScreen.storyboard */; };
		90D532CA1DD1C0D2007A7768 /* ViewController.m in Sources */ = {isa = PBXBuildFile; fileRef = 90D532BB1DD1C0D2007A7768 /* ViewController.m */; };
		90D532CD1DD1C1B2007A7768 /* FirstViewController.m in Sources */ = {isa = PBXBuildFile; fileRef = 90D532CC1DD1C1B2007A7768 /* FirstViewController.m */; };
		90D532D01DD1C1D2007A7768 /* SecondViewController.m in Sources */ = {isa = PBXBuildFile; fileRef = 90D532CF1DD1C1D2007A7768 /* SecondViewController.m */; };
		90D532D31DD1C1DF007A7768 /* ThirdViewController.m in Sources */ = {isa = PBXBuildFile; fileRef = 90D532D21DD1C1DF007A7768 /* ThirdViewController.m */; };
		90D532D91DD1C210007A7768 /* PlusViewController.m in Sources */ = {isa = PBXBuildFile; fileRef = 90D532D81DD1C210007A7768 /* PlusViewController.m */; };
		90D532E71DD1C46C007A7768 /* DCHTabBarViewController.m in Sources */ = {isa = PBXBuildFile; fileRef = 90D532E61DD1C46C007A7768 /* DCHTabBarViewController.m */; };
		90D532EA1DD1C657007A7768 /* DCHTabBar.m in Sources */ = {isa = PBXBuildFile; fileRef = 90D532E91DD1C657007A7768 /* DCHTabBar.m */; };
		B70A5D8D1DDD6D8A002AFE8B /* JDShoppingCollectionCell.m in Sources */ = {isa = PBXBuildFile; fileRef = B70A5D8C1DDD6D8A002AFE8B /* JDShoppingCollectionCell.m */; };
		B70A5D921DDDAFF1002AFE8B /* AppDelegate.m in Sources */ = {isa = PBXBuildFile; fileRef = B70A5D911DDDAFF1002AFE8B /* AppDelegate.m */; };
		B7413E2C1DDC0836006BFB12 /* JDNavigationController.m in Sources */ = {isa = PBXBuildFile; fileRef = B7413E2B1DDC0836006BFB12 /* JDNavigationController.m */; };
		B7413E2F1DDC2455006BFB12 /* JDFirstShoppingCarTableCell.m in Sources */ = {isa = PBXBuildFile; fileRef = B7413E2E1DDC2455006BFB12 /* JDFirstShoppingCarTableCell.m */; };
		B7413E321DDC247C006BFB12 /* JDSecondShoppingCarTableCell.m in Sources */ = {isa = PBXBuildFile; fileRef = B7413E311DDC247C006BFB12 /* JDSecondShoppingCarTableCell.m */; };
		B7413E351DDC51AA006BFB12 /* JDGoodsDetailController.m in Sources */ = {isa = PBXBuildFile; fileRef = B7413E341DDC51AA006BFB12 /* JDGoodsDetailController.m */; };
		B76D0F1E1DD9B07500EEF537 /* UIViewController+Request.m in Sources */ = {isa = PBXBuildFile; fileRef = B76D0F1D1DD9B07500EEF537 /* UIViewController+Request.m */; };
		B76D0F2A1DDB030700EEF537 /* JDSortedCollectionCell.m in Sources */ = {isa = PBXBuildFile; fileRef = B76D0F291DDB030700EEF537 /* JDSortedCollectionCell.m */; };
		B7C2DC431DD95F9900428D66 /* UIView+Category.m in Sources */ = {isa = PBXBuildFile; fileRef = B7C2DC421DD95F9900428D66 /* UIView+Category.m */; };
		CCCA5BC21DDC33A300F6FC1C /* SettingsList.m in Sources */ = {isa = PBXBuildFile; fileRef = CCCA5BC11DDC33A300F6FC1C /* SettingsList.m */; };
		CCCA5BC51DDC33B200F6FC1C /* FourthViewController.m in Sources */ = {isa = PBXBuildFile; fileRef = CCCA5BC41DDC33B200F6FC1C /* FourthViewController.m */; };
		CCCA5BC81DDC33BD00F6FC1C /* FootprintModel.m in Sources */ = {isa = PBXBuildFile; fileRef = CCCA5BC71DDC33BD00F6FC1C /* FootprintModel.m */; };
		CCCA5BCD1DDC33C500F6FC1C /* FourthCell.m in Sources */ = {isa = PBXBuildFile; fileRef = CCCA5BCA1DDC33C500F6FC1C /* FourthCell.m */; };
		CCCA5BCE1DDC33C500F6FC1C /* FootprintCell.m in Sources */ = {isa = PBXBuildFile; fileRef = CCCA5BCC1DDC33C500F6FC1C /* FootprintCell.m */; };
		CCCA5BD21DDC341F00F6FC1C /* Footprint.m in Sources */ = {isa = PBXBuildFile; fileRef = CCCA5BD11DDC341F00F6FC1C /* Footprint.m */; };
		E4D9AFF8A5AB19808AF4000A /* libPods-商城模板.a in Frameworks */ = {isa = PBXBuildFile; fileRef = AEEC42748AAE312B44F8D680 /* libPods-商城模板.a */; };
/* End PBXBuildFile section */

/* Begin PBXFileReference section */
		1E86B6114A010C97FB24BD1B /* Pods-商城模板.debug.xcconfig */ = {isa = PBXFileReference; includeInIndex = 1; lastKnownFileType = text.xcconfig; name = "Pods-商城模板.debug.xcconfig"; path = "Pods/Target Support Files/Pods-商城模板/Pods-商城模板.debug.xcconfig"; sourceTree = "<group>"; };
		85BD24F0FE61360665667A2D /* Pods-商城模板.release.xcconfig */ = {isa = PBXFileReference; includeInIndex = 1; lastKnownFileType = text.xcconfig; name = "Pods-商城模板.release.xcconfig"; path = "Pods/Target Support Files/Pods-商城模板/Pods-商城模板.release.xcconfig"; sourceTree = "<group>"; };
		900534A51DD1ADD4000E089C /* 商城模板.app */ = {isa = PBXFileReference; explicitFileType = wrapper.application; includeInIndex = 0; path = "商城模板.app"; sourceTree = BUILT_PRODUCTS_DIR; };
		900534A91DD1ADD4000E089C /* main.m */ = {isa = PBXFileReference; lastKnownFileType = sourcecode.c.objc; path = main.m; sourceTree = "<group>"; };
		900534B21DD1ADD4000E089C /* Base */ = {isa = PBXFileReference; lastKnownFileType = file.storyboard; name = Base; path = Base.lproj/Main.storyboard; sourceTree = "<group>"; };
		900534B51DD1ADD4000E089C /* ____.xcdatamodel */ = {isa = PBXFileReference; lastKnownFileType = wrapper.xcdatamodel; path = "____.xcdatamodel"; sourceTree = "<group>"; };
		900534B71DD1ADD4000E089C /* Assets.xcassets */ = {isa = PBXFileReference; lastKnownFileType = folder.assetcatalog; path = Assets.xcassets; sourceTree = "<group>"; };
		900534BA1DD1ADD4000E089C /* Base */ = {isa = PBXFileReference; lastKnownFileType = file.storyboard; name = Base; path = Base.lproj/LaunchScreen.storyboard; sourceTree = "<group>"; };
		900534BC1DD1ADD4000E089C /* Info.plist */ = {isa = PBXFileReference; lastKnownFileType = text.plist.xml; path = Info.plist; sourceTree = "<group>"; };
		902B6FE11DD1D4A300F435B9 /* PrefixHeader.pch */ = {isa = PBXFileReference; lastKnownFileType = sourcecode.c.h; path = PrefixHeader.pch; sourceTree = "<group>"; };
		902B6FE31DD1D5B600F435B9 /* Macros.h */ = {isa = PBXFileReference; lastKnownFileType = sourcecode.c.h; path = Macros.h; sourceTree = "<group>"; };
		90D532B71DD1C0D2007A7768 /* AppDelegate.h */ = {isa = PBXFileReference; fileEncoding = 4; lastKnownFileType = sourcecode.c.h; path = AppDelegate.h; sourceTree = "<group>"; };
		90D532BA1DD1C0D2007A7768 /* ViewController.h */ = {isa = PBXFileReference; fileEncoding = 4; lastKnownFileType = sourcecode.c.h; path = ViewController.h; sourceTree = "<group>"; };
		90D532BB1DD1C0D2007A7768 /* ViewController.m */ = {isa = PBXFileReference; fileEncoding = 4; lastKnownFileType = sourcecode.c.objc; path = ViewController.m; sourceTree = "<group>"; };
		90D532CB1DD1C1B2007A7768 /* FirstViewController.h */ = {isa = PBXFileReference; fileEncoding = 4; lastKnownFileType = sourcecode.c.h; path = FirstViewController.h; sourceTree = "<group>"; };
		90D532CC1DD1C1B2007A7768 /* FirstViewController.m */ = {isa = PBXFileReference; fileEncoding = 4; lastKnownFileType = sourcecode.c.objc; path = FirstViewController.m; sourceTree = "<group>"; };
		90D532CE1DD1C1D2007A7768 /* SecondViewController.h */ = {isa = PBXFileReference; fileEncoding = 4; lastKnownFileType = sourcecode.c.h; path = SecondViewController.h; sourceTree = "<group>"; };
		90D532CF1DD1C1D2007A7768 /* SecondViewController.m */ = {isa = PBXFileReference; fileEncoding = 4; lastKnownFileType = sourcecode.c.objc; path = SecondViewController.m; sourceTree = "<group>"; };
		90D532D11DD1C1DF007A7768 /* ThirdViewController.h */ = {isa = PBXFileReference; fileEncoding = 4; lastKnownFileType = sourcecode.c.h; path = ThirdViewController.h; sourceTree = "<group>"; };
		90D532D21DD1C1DF007A7768 /* ThirdViewController.m */ = {isa = PBXFileReference; fileEncoding = 4; lastKnownFileType = sourcecode.c.objc; path = ThirdViewController.m; sourceTree = "<group>"; };
		90D532D71DD1C210007A7768 /* PlusViewController.h */ = {isa = PBXFileReference; fileEncoding = 4; lastKnownFileType = sourcecode.c.h; path = PlusViewController.h; sourceTree = "<group>"; };
		90D532D81DD1C210007A7768 /* PlusViewController.m */ = {isa = PBXFileReference; fileEncoding = 4; lastKnownFileType = sourcecode.c.objc; path = PlusViewController.m; sourceTree = "<group>"; };
		90D532E51DD1C46C007A7768 /* DCHTabBarViewController.h */ = {isa = PBXFileReference; fileEncoding = 4; lastKnownFileType = sourcecode.c.h; path = DCHTabBarViewController.h; sourceTree = "<group>"; };
		90D532E61DD1C46C007A7768 /* DCHTabBarViewController.m */ = {isa = PBXFileReference; fileEncoding = 4; lastKnownFileType = sourcecode.c.objc; path = DCHTabBarViewController.m; sourceTree = "<group>"; };
		90D532E81DD1C657007A7768 /* DCHTabBar.h */ = {isa = PBXFileReference; fileEncoding = 4; lastKnownFileType = sourcecode.c.h; path = DCHTabBar.h; sourceTree = "<group>"; };
		90D532E91DD1C657007A7768 /* DCHTabBar.m */ = {isa = PBXFileReference; fileEncoding = 4; lastKnownFileType = sourcecode.c.objc; path = DCHTabBar.m; sourceTree = "<group>"; };
		AEEC42748AAE312B44F8D680 /* libPods-商城模板.a */ = {isa = PBXFileReference; explicitFileType = archive.ar; includeInIndex = 0; path = "libPods-商城模板.a"; sourceTree = BUILT_PRODUCTS_DIR; };
		B70A5D8B1DDD6D8A002AFE8B /* JDShoppingCollectionCell.h */ = {isa = PBXFileReference; fileEncoding = 4; lastKnownFileType = sourcecode.c.h; path = JDShoppingCollectionCell.h; sourceTree = "<group>"; };
		B70A5D8C1DDD6D8A002AFE8B /* JDShoppingCollectionCell.m */ = {isa = PBXFileReference; fileEncoding = 4; lastKnownFileType = sourcecode.c.objc; path = JDShoppingCollectionCell.m; sourceTree = "<group>"; };
		B70A5D911DDDAFF1002AFE8B /* AppDelegate.m */ = {isa = PBXFileReference; fileEncoding = 4; lastKnownFileType = sourcecode.c.objc; path = AppDelegate.m; sourceTree = "<group>"; };
		B7413E2A1DDC0836006BFB12 /* JDNavigationController.h */ = {isa = PBXFileReference; fileEncoding = 4; lastKnownFileType = sourcecode.c.h; path = JDNavigationController.h; sourceTree = "<group>"; };
		B7413E2B1DDC0836006BFB12 /* JDNavigationController.m */ = {isa = PBXFileReference; fileEncoding = 4; lastKnownFileType = sourcecode.c.objc; path = JDNavigationController.m; sourceTree = "<group>"; };
		B7413E2D1DDC2455006BFB12 /* JDFirstShoppingCarTableCell.h */ = {isa = PBXFileReference; fileEncoding = 4; lastKnownFileType = sourcecode.c.h; path = JDFirstShoppingCarTableCell.h; sourceTree = "<group>"; };
		B7413E2E1DDC2455006BFB12 /* JDFirstShoppingCarTableCell.m */ = {isa = PBXFileReference; fileEncoding = 4; lastKnownFileType = sourcecode.c.objc; path = JDFirstShoppingCarTableCell.m; sourceTree = "<group>"; };
		B7413E301DDC247C006BFB12 /* JDSecondShoppingCarTableCell.h */ = {isa = PBXFileReference; fileEncoding = 4; lastKnownFileType = sourcecode.c.h; path = JDSecondShoppingCarTableCell.h; sourceTree = "<group>"; };
		B7413E311DDC247C006BFB12 /* JDSecondShoppingCarTableCell.m */ = {isa = PBXFileReference; fileEncoding = 4; lastKnownFileType = sourcecode.c.objc; path = JDSecondShoppingCarTableCell.m; sourceTree = "<group>"; };
		B7413E331DDC51AA006BFB12 /* JDGoodsDetailController.h */ = {isa = PBXFileReference; fileEncoding = 4; lastKnownFileType = sourcecode.c.h; path = JDGoodsDetailController.h; sourceTree = "<group>"; };
		B7413E341DDC51AA006BFB12 /* JDGoodsDetailController.m */ = {isa = PBXFileReference; fileEncoding = 4; lastKnownFileType = sourcecode.c.objc; path = JDGoodsDetailController.m; sourceTree = "<group>"; };
		B76D0F1C1DD9B07500EEF537 /* UIViewController+Request.h */ = {isa = PBXFileReference; fileEncoding = 4; lastKnownFileType = sourcecode.c.h; path = "UIViewController+Request.h"; sourceTree = "<group>"; };
		B76D0F1D1DD9B07500EEF537 /* UIViewController+Request.m */ = {isa = PBXFileReference; fileEncoding = 4; lastKnownFileType = sourcecode.c.objc; path = "UIViewController+Request.m"; sourceTree = "<group>"; };
		B76D0F281DDB030700EEF537 /* JDSortedCollectionCell.h */ = {isa = PBXFileReference; fileEncoding = 4; lastKnownFileType = sourcecode.c.h; path = JDSortedCollectionCell.h; sourceTree = "<group>"; };
		B76D0F291DDB030700EEF537 /* JDSortedCollectionCell.m */ = {isa = PBXFileReference; fileEncoding = 4; lastKnownFileType = sourcecode.c.objc; path = JDSortedCollectionCell.m; sourceTree = "<group>"; };
		B7C2DC401DD94EB600428D66 /* TabBarMacros.h */ = {isa = PBXFileReference; lastKnownFileType = sourcecode.c.h; path = TabBarMacros.h; sourceTree = "<group>"; };
		B7C2DC411DD95F9900428D66 /* UIView+Category.h */ = {isa = PBXFileReference; fileEncoding = 4; lastKnownFileType = sourcecode.c.h; path = "UIView+Category.h"; sourceTree = "<group>"; };
		B7C2DC421DD95F9900428D66 /* UIView+Category.m */ = {isa = PBXFileReference; fileEncoding = 4; lastKnownFileType = sourcecode.c.objc; path = "UIView+Category.m"; sourceTree = "<group>"; };
		CCCA5BC01DDC33A300F6FC1C /* SettingsList.h */ = {isa = PBXFileReference; fileEncoding = 4; lastKnownFileType = sourcecode.c.h; path = SettingsList.h; sourceTree = "<group>"; };
		CCCA5BC11DDC33A300F6FC1C /* SettingsList.m */ = {isa = PBXFileReference; fileEncoding = 4; lastKnownFileType = sourcecode.c.objc; path = SettingsList.m; sourceTree = "<group>"; };
		CCCA5BC31DDC33B200F6FC1C /* FourthViewController.h */ = {isa = PBXFileReference; fileEncoding = 4; lastKnownFileType = sourcecode.c.h; path = FourthViewController.h; sourceTree = "<group>"; };
		CCCA5BC41DDC33B200F6FC1C /* FourthViewController.m */ = {isa = PBXFileReference; fileEncoding = 4; lastKnownFileType = sourcecode.c.objc; path = FourthViewController.m; sourceTree = "<group>"; };
		CCCA5BC61DDC33BD00F6FC1C /* FootprintModel.h */ = {isa = PBXFileReference; fileEncoding = 4; lastKnownFileType = sourcecode.c.h; path = FootprintModel.h; sourceTree = "<group>"; };
		CCCA5BC71DDC33BD00F6FC1C /* FootprintModel.m */ = {isa = PBXFileReference; fileEncoding = 4; lastKnownFileType = sourcecode.c.objc; path = FootprintModel.m; sourceTree = "<group>"; };
		CCCA5BC91DDC33C500F6FC1C /* FourthCell.h */ = {isa = PBXFileReference; fileEncoding = 4; lastKnownFileType = sourcecode.c.h; path = FourthCell.h; sourceTree = "<group>"; };
		CCCA5BCA1DDC33C500F6FC1C /* FourthCell.m */ = {isa = PBXFileReference; fileEncoding = 4; lastKnownFileType = sourcecode.c.objc; path = FourthCell.m; sourceTree = "<group>"; };
		CCCA5BCB1DDC33C500F6FC1C /* FootprintCell.h */ = {isa = PBXFileReference; fileEncoding = 4; lastKnownFileType = sourcecode.c.h; path = FootprintCell.h; sourceTree = "<group>"; };
		CCCA5BCC1DDC33C500F6FC1C /* FootprintCell.m */ = {isa = PBXFileReference; fileEncoding = 4; lastKnownFileType = sourcecode.c.objc; path = FootprintCell.m; sourceTree = "<group>"; };
		CCCA5BD01DDC341F00F6FC1C /* Footprint.h */ = {isa = PBXFileReference; fileEncoding = 4; lastKnownFileType = sourcecode.c.h; path = Footprint.h; sourceTree = "<group>"; };
		CCCA5BD11DDC341F00F6FC1C /* Footprint.m */ = {isa = PBXFileReference; fileEncoding = 4; lastKnownFileType = sourcecode.c.objc; path = Footprint.m; sourceTree = "<group>"; };
/* End PBXFileReference section */

/* Begin PBXFrameworksBuildPhase section */
		900534A21DD1ADD4000E089C /* Frameworks */ = {
			isa = PBXFrameworksBuildPhase;
			buildActionMask = 2147483647;
			files = (
				E4D9AFF8A5AB19808AF4000A /* libPods-商城模板.a in Frameworks */,
			);
			runOnlyForDeploymentPostprocessing = 0;
		};
/* End PBXFrameworksBuildPhase section */

/* Begin PBXGroup section */
		1176B7EB9CBD9BDA39882232 /* Frameworks */ = {
			isa = PBXGroup;
			children = (
				AEEC42748AAE312B44F8D680 /* libPods-商城模板.a */,
			);
			name = Frameworks;
			sourceTree = "<group>";
		};
		7CE79B3F159E74D0B461B370 /* Pods */ = {
			isa = PBXGroup;
			children = (
				1E86B6114A010C97FB24BD1B /* Pods-商城模板.debug.xcconfig */,
				85BD24F0FE61360665667A2D /* Pods-商城模板.release.xcconfig */,
			);
			name = Pods;
			sourceTree = "<group>";
		};
		9005349C1DD1ADD4000E089C = {
			isa = PBXGroup;
			children = (
				900534A71DD1ADD4000E089C /* 商城模板 */,
				900534A61DD1ADD4000E089C /* Products */,
				7CE79B3F159E74D0B461B370 /* Pods */,
				1176B7EB9CBD9BDA39882232 /* Frameworks */,
			);
			sourceTree = "<group>";
		};
		900534A61DD1ADD4000E089C /* Products */ = {
			isa = PBXGroup;
			children = (
				900534A51DD1ADD4000E089C /* 商城模板.app */,
			);
			name = Products;
			sourceTree = "<group>";
		};
		900534A71DD1ADD4000E089C /* 商城模板 */ = {
			isa = PBXGroup;
			children = (
				90D532B51DD1C0D2007A7768 /* Main */,
				90D532B11DD1C0D2007A7768 /* Frist */,
				90D532C11DD1C0D2007A7768 /* Second */,
				90D532C51DD1C0D2007A7768 /* Third */,
				90D532AD1DD1C0D2007A7768 /* Fourth */,
				90D532BD1DD1C0D2007A7768 /* Plus */,
				90D532EB1DD1C7F8007A7768 /* Library */,
				900534A81DD1ADD4000E089C /* Supporting Files */,
			);
			path = "商城模板";
			sourceTree = "<group>";
		};
		900534A81DD1ADD4000E089C /* Supporting Files */ = {
			isa = PBXGroup;
			children = (
				900534B91DD1ADD4000E089C /* LaunchScreen.storyboard */,
				900534B71DD1ADD4000E089C /* Assets.xcassets */,
				900534BC1DD1ADD4000E089C /* Info.plist */,
				900534B41DD1ADD4000E089C /* ____.xcdatamodeld */,
				900534A91DD1ADD4000E089C /* main.m */,
			);
			name = "Supporting Files";
			sourceTree = "<group>";
		};
		90D532AD1DD1C0D2007A7768 /* Fourth */ = {
			isa = PBXGroup;
			children = (
				90D532AE1DD1C0D2007A7768 /* Controller */,
				90D532AF1DD1C0D2007A7768 /* Model */,
				90D532B01DD1C0D2007A7768 /* View */,
			);
			path = Fourth;
			sourceTree = "<group>";
		};
		90D532AE1DD1C0D2007A7768 /* Controller */ = {
			isa = PBXGroup;
			children = (
				CCCA5BC31DDC33B200F6FC1C /* FourthViewController.h */,
				CCCA5BC41DDC33B200F6FC1C /* FourthViewController.m */,
				CCCA5BBF1DDC339200F6FC1C /* Settings */,
				CCCA5BCF1DDC33E400F6FC1C /* Others */,
			);
			path = Controller;
			sourceTree = "<group>";
		};
		90D532AF1DD1C0D2007A7768 /* Model */ = {
			isa = PBXGroup;
			children = (
				CCCA5BC61DDC33BD00F6FC1C /* FootprintModel.h */,
				CCCA5BC71DDC33BD00F6FC1C /* FootprintModel.m */,
			);
			path = Model;
			sourceTree = "<group>";
		};
		90D532B01DD1C0D2007A7768 /* View */ = {
			isa = PBXGroup;
			children = (
				CCCA5BC91DDC33C500F6FC1C /* FourthCell.h */,
				CCCA5BCA1DDC33C500F6FC1C /* FourthCell.m */,
				CCCA5BCB1DDC33C500F6FC1C /* FootprintCell.h */,
				CCCA5BCC1DDC33C500F6FC1C /* FootprintCell.m */,
			);
			path = View;
			sourceTree = "<group>";
		};
		90D532B11DD1C0D2007A7768 /* Frist */ = {
			isa = PBXGroup;
			children = (
				90D532B21DD1C0D2007A7768 /* Controller */,
				90D532B31DD1C0D2007A7768 /* Model */,
				90D532B41DD1C0D2007A7768 /* View */,
			);
			path = Frist;
			sourceTree = "<group>";
		};
		90D532B21DD1C0D2007A7768 /* Controller */ = {
			isa = PBXGroup;
			children = (
				90D532CB1DD1C1B2007A7768 /* FirstViewController.h */,
				90D532CC1DD1C1B2007A7768 /* FirstViewController.m */,
			);
			path = Controller;
			sourceTree = "<group>";
		};
		90D532B31DD1C0D2007A7768 /* Model */ = {
			isa = PBXGroup;
			children = (
			);
			path = Model;
			sourceTree = "<group>";
		};
		90D532B41DD1C0D2007A7768 /* View */ = {
			isa = PBXGroup;
			children = (
			);
			path = View;
			sourceTree = "<group>";
		};
		90D532B51DD1C0D2007A7768 /* Main */ = {
			isa = PBXGroup;
			children = (
				900534B11DD1ADD4000E089C /* Main.storyboard */,
				90D532B61DD1C0D2007A7768 /* AppDelegate */,
				90D532B91DD1C0D2007A7768 /* Controller */,
				90D532BC1DD1C0D2007A7768 /* View */,
			);
			path = Main;
			sourceTree = "<group>";
		};
		90D532B61DD1C0D2007A7768 /* AppDelegate */ = {
			isa = PBXGroup;
			children = (
				90D532B71DD1C0D2007A7768 /* AppDelegate.h */,
				B70A5D911DDDAFF1002AFE8B /* AppDelegate.m */,
			);
			name = AppDelegate;
			path = Appdelegate;
			sourceTree = "<group>";
		};
		90D532B91DD1C0D2007A7768 /* Controller */ = {
			isa = PBXGroup;
			children = (
				90D532BA1DD1C0D2007A7768 /* ViewController.h */,
				90D532BB1DD1C0D2007A7768 /* ViewController.m */,
				90D532E51DD1C46C007A7768 /* DCHTabBarViewController.h */,
				90D532E61DD1C46C007A7768 /* DCHTabBarViewController.m */,
				B7413E2A1DDC0836006BFB12 /* JDNavigationController.h */,
				B7413E2B1DDC0836006BFB12 /* JDNavigationController.m */,
			);
			path = Controller;
			sourceTree = "<group>";
		};
		90D532BC1DD1C0D2007A7768 /* View */ = {
			isa = PBXGroup;
			children = (
				90D532E81DD1C657007A7768 /* DCHTabBar.h */,
				90D532E91DD1C657007A7768 /* DCHTabBar.m */,
			);
			path = View;
			sourceTree = "<group>";
		};
		90D532BD1DD1C0D2007A7768 /* Plus */ = {
			isa = PBXGroup;
			children = (
				90D532BE1DD1C0D2007A7768 /* Controller */,
				90D532BF1DD1C0D2007A7768 /* Model */,
				90D532C01DD1C0D2007A7768 /* View */,
			);
			path = Plus;
			sourceTree = "<group>";
		};
		90D532BE1DD1C0D2007A7768 /* Controller */ = {
			isa = PBXGroup;
			children = (
				90D532D71DD1C210007A7768 /* PlusViewController.h */,
				90D532D81DD1C210007A7768 /* PlusViewController.m */,
			);
			path = Controller;
			sourceTree = "<group>";
		};
		90D532BF1DD1C0D2007A7768 /* Model */ = {
			isa = PBXGroup;
			children = (
			);
			path = Model;
			sourceTree = "<group>";
		};
		90D532C01DD1C0D2007A7768 /* View */ = {
			isa = PBXGroup;
			children = (
			);
			path = View;
			sourceTree = "<group>";
		};
		90D532C11DD1C0D2007A7768 /* Second */ = {
			isa = PBXGroup;
			children = (
				90D532C21DD1C0D2007A7768 /* Controller */,
				90D532C31DD1C0D2007A7768 /* Model */,
				90D532C41DD1C0D2007A7768 /* View */,
			);
			path = Second;
			sourceTree = "<group>";
		};
		90D532C21DD1C0D2007A7768 /* Controller */ = {
			isa = PBXGroup;
			children = (
				90D532CE1DD1C1D2007A7768 /* SecondViewController.h */,
				90D532CF1DD1C1D2007A7768 /* SecondViewController.m */,
				B7413E331DDC51AA006BFB12 /* JDGoodsDetailController.h */,
				B7413E341DDC51AA006BFB12 /* JDGoodsDetailController.m */,
			);
			path = Controller;
			sourceTree = "<group>";
		};
		90D532C31DD1C0D2007A7768 /* Model */ = {
			isa = PBXGroup;
			children = (
			);
			path = Model;
			sourceTree = "<group>";
		};
		90D532C41DD1C0D2007A7768 /* View */ = {
			isa = PBXGroup;
			children = (
				B76D0F281DDB030700EEF537 /* JDSortedCollectionCell.h */,
				B76D0F291DDB030700EEF537 /* JDSortedCollectionCell.m */,
			);
			path = View;
			sourceTree = "<group>";
		};
		90D532C51DD1C0D2007A7768 /* Third */ = {
			isa = PBXGroup;
			children = (
				90D532C61DD1C0D2007A7768 /* Controller */,
				90D532C71DD1C0D2007A7768 /* Model */,
				90D532C81DD1C0D2007A7768 /* View */,
			);
			path = Third;
			sourceTree = "<group>";
		};
		90D532C61DD1C0D2007A7768 /* Controller */ = {
			isa = PBXGroup;
			children = (
				90D532D11DD1C1DF007A7768 /* ThirdViewController.h */,
				90D532D21DD1C1DF007A7768 /* ThirdViewController.m */,
			);
			path = Controller;
			sourceTree = "<group>";
		};
		90D532C71DD1C0D2007A7768 /* Model */ = {
			isa = PBXGroup;
			children = (
			);
			path = Model;
			sourceTree = "<group>";
		};
		90D532C81DD1C0D2007A7768 /* View */ = {
			isa = PBXGroup;
			children = (
				B7413E2D1DDC2455006BFB12 /* JDFirstShoppingCarTableCell.h */,
				B7413E2E1DDC2455006BFB12 /* JDFirstShoppingCarTableCell.m */,
				B7413E301DDC247C006BFB12 /* JDSecondShoppingCarTableCell.h */,
				B7413E311DDC247C006BFB12 /* JDSecondShoppingCarTableCell.m */,
				B70A5D8B1DDD6D8A002AFE8B /* JDShoppingCollectionCell.h */,
				B70A5D8C1DDD6D8A002AFE8B /* JDShoppingCollectionCell.m */,
			);
			path = View;
			sourceTree = "<group>";
		};
		90D532EB1DD1C7F8007A7768 /* Library */ = {
			isa = PBXGroup;
			children = (
				902B6FE11DD1D4A300F435B9 /* PrefixHeader.pch */,
				90D532EE1DD1C7F8007A7768 /* Header */,
				90D532EC1DD1C7F8007A7768 /* Category */,
				90D532ED1DD1C7F8007A7768 /* Extension */,
			);
			path = Library;
			sourceTree = "<group>";
		};
		90D532EC1DD1C7F8007A7768 /* Category */ = {
			isa = PBXGroup;
			children = (
				B7C2DC411DD95F9900428D66 /* UIView+Category.h */,
				B7C2DC421DD95F9900428D66 /* UIView+Category.m */,
				B76D0F1C1DD9B07500EEF537 /* UIViewController+Request.h */,
				B76D0F1D1DD9B07500EEF537 /* UIViewController+Request.m */,
			);
			path = Category;
			sourceTree = "<group>";
		};
		90D532ED1DD1C7F8007A7768 /* Extension */ = {
			isa = PBXGroup;
			children = (
			);
			path = Extension;
			sourceTree = "<group>";
		};
		90D532EE1DD1C7F8007A7768 /* Header */ = {
			isa = PBXGroup;
			children = (
				902B6FE31DD1D5B600F435B9 /* Macros.h */,
				B7C2DC401DD94EB600428D66 /* TabBarMacros.h */,
			);
			path = Header;
			sourceTree = "<group>";
		};
		CCCA5BBF1DDC339200F6FC1C /* Settings */ = {
			isa = PBXGroup;
			children = (
				CCCA5BC01DDC33A300F6FC1C /* SettingsList.h */,
				CCCA5BC11DDC33A300F6FC1C /* SettingsList.m */,
			);
			name = Settings;
			sourceTree = "<group>";
		};
		CCCA5BCF1DDC33E400F6FC1C /* Others */ = {
			isa = PBXGroup;
			children = (
				CCCA5BD01DDC341F00F6FC1C /* Footprint.h */,
				CCCA5BD11DDC341F00F6FC1C /* Footprint.m */,
			);
			name = Others;
			sourceTree = "<group>";
		};
/* End PBXGroup section */

/* Begin PBXNativeTarget section */
		900534A41DD1ADD4000E089C /* 商城模板 */ = {
			isa = PBXNativeTarget;
			buildConfigurationList = 900534BF1DD1ADD4000E089C /* Build configuration list for PBXNativeTarget "商城模板" */;
			buildPhases = (
				F1C9B4F423C15C2EC9F1624C /* 📦 Check Pods Manifest.lock */,
				900534A11DD1ADD4000E089C /* Sources */,
				900534A21DD1ADD4000E089C /* Frameworks */,
				900534A31DD1ADD4000E089C /* Resources */,
				008600C746929F238F38F60D /* 📦 Embed Pods Frameworks */,
				8F8435E5F789934E7A512FF3 /* 📦 Copy Pods Resources */,
			);
			buildRules = (
			);
			dependencies = (
			);
			name = "商城模板";
			productName = "商城模板";
			productReference = 900534A51DD1ADD4000E089C /* 商城模板.app */;
			productType = "com.apple.product-type.application";
		};
/* End PBXNativeTarget section */

/* Begin PBXProject section */
		9005349D1DD1ADD4000E089C /* Project object */ = {
			isa = PBXProject;
			attributes = {
				LastUpgradeCheck = 0800;
				ORGANIZATIONNAME = jundanuantong;
				TargetAttributes = {
					900534A41DD1ADD4000E089C = {
						CreatedOnToolsVersion = 8.0;
						DevelopmentTeam = 25MJECS72H;
						ProvisioningStyle = Automatic;
					};
				};
			};
			buildConfigurationList = 900534A01DD1ADD4000E089C /* Build configuration list for PBXProject "商城模板" */;
			compatibilityVersion = "Xcode 3.2";
			developmentRegion = English;
			hasScannedForEncodings = 0;
			knownRegions = (
				en,
				Base,
			);
			mainGroup = 9005349C1DD1ADD4000E089C;
			productRefGroup = 900534A61DD1ADD4000E089C /* Products */;
			projectDirPath = "";
			projectRoot = "";
			targets = (
				900534A41DD1ADD4000E089C /* 商城模板 */,
			);
		};
/* End PBXProject section */

/* Begin PBXResourcesBuildPhase section */
		900534A31DD1ADD4000E089C /* Resources */ = {
			isa = PBXResourcesBuildPhase;
			buildActionMask = 2147483647;
			files = (
				900534BB1DD1ADD4000E089C /* LaunchScreen.storyboard in Resources */,
				900534B81DD1ADD4000E089C /* Assets.xcassets in Resources */,
				900534B31DD1ADD4000E089C /* Main.storyboard in Resources */,
			);
			runOnlyForDeploymentPostprocessing = 0;
		};
/* End PBXResourcesBuildPhase section */

/* Begin PBXShellScriptBuildPhase section */
		008600C746929F238F38F60D /* 📦 Embed Pods Frameworks */ = {
			isa = PBXShellScriptBuildPhase;
			buildActionMask = 2147483647;
			files = (
			);
			inputPaths = (
			);
			name = "📦 Embed Pods Frameworks";
			outputPaths = (
			);
			runOnlyForDeploymentPostprocessing = 0;
			shellPath = /bin/sh;
			shellScript = "\"${SRCROOT}/Pods/Target Support Files/Pods-商城模板/Pods-商城模板-frameworks.sh\"\n";
			showEnvVarsInLog = 0;
		};
		8F8435E5F789934E7A512FF3 /* 📦 Copy Pods Resources */ = {
			isa = PBXShellScriptBuildPhase;
			buildActionMask = 2147483647;
			files = (
			);
			inputPaths = (
			);
			name = "📦 Copy Pods Resources";
			outputPaths = (
			);
			runOnlyForDeploymentPostprocessing = 0;
			shellPath = /bin/sh;
			shellScript = "\"${SRCROOT}/Pods/Target Support Files/Pods-商城模板/Pods-商城模板-resources.sh\"\n";
			showEnvVarsInLog = 0;
		};
		F1C9B4F423C15C2EC9F1624C /* 📦 Check Pods Manifest.lock */ = {
			isa = PBXShellScriptBuildPhase;
			buildActionMask = 2147483647;
			files = (
			);
			inputPaths = (
			);
			name = "📦 Check Pods Manifest.lock";
			outputPaths = (
			);
			runOnlyForDeploymentPostprocessing = 0;
			shellPath = /bin/sh;
			shellScript = "diff \"${PODS_ROOT}/../Podfile.lock\" \"${PODS_ROOT}/Manifest.lock\" > /dev/null\nif [[ $? != 0 ]] ; then\n    cat << EOM\nerror: The sandbox is not in sync with the Podfile.lock. Run 'pod install' or update your CocoaPods installation.\nEOM\n    exit 1\nfi\n";
			showEnvVarsInLog = 0;
		};
/* End PBXShellScriptBuildPhase section */

/* Begin PBXSourcesBuildPhase section */
		900534A11DD1ADD4000E089C /* Sources */ = {
			isa = PBXSourcesBuildPhase;
			buildActionMask = 2147483647;
			files = (
				90D532D01DD1C1D2007A7768 /* SecondViewController.m in Sources */,
				B7413E2C1DDC0836006BFB12 /* JDNavigationController.m in Sources */,
				B76D0F2A1DDB030700EEF537 /* JDSortedCollectionCell.m in Sources */,
				B7413E2F1DDC2455006BFB12 /* JDFirstShoppingCarTableCell.m in Sources */,
				900534B61DD1ADD4000E089C /* ____.xcdatamodeld in Sources */,
				90D532CD1DD1C1B2007A7768 /* FirstViewController.m in Sources */,
				CCCA5BC51DDC33B200F6FC1C /* FourthViewController.m in Sources */,
				CCCA5BCD1DDC33C500F6FC1C /* FourthCell.m in Sources */,
				90D532E71DD1C46C007A7768 /* DCHTabBarViewController.m in Sources */,
				90D532EA1DD1C657007A7768 /* DCHTabBar.m in Sources */,
				900534AA1DD1ADD4000E089C /* main.m in Sources */,
				90D532CA1DD1C0D2007A7768 /* ViewController.m in Sources */,
				CCCA5BC21DDC33A300F6FC1C /* SettingsList.m in Sources */,
				CCCA5BCE1DDC33C500F6FC1C /* FootprintCell.m in Sources */,
				B76D0F1E1DD9B07500EEF537 /* UIViewController+Request.m in Sources */,
				B7413E321DDC247C006BFB12 /* JDSecondShoppingCarTableCell.m in Sources */,
				CCCA5BC81DDC33BD00F6FC1C /* FootprintModel.m in Sources */,
				90D532D91DD1C210007A7768 /* PlusViewController.m in Sources */,
				B7413E351DDC51AA006BFB12 /* JDGoodsDetailController.m in Sources */,
				B7C2DC431DD95F9900428D66 /* UIView+Category.m in Sources */,
				B70A5D921DDDAFF1002AFE8B /* AppDelegate.m in Sources */,
				90D532D31DD1C1DF007A7768 /* ThirdViewController.m in Sources */,
				CCCA5BD21DDC341F00F6FC1C /* Footprint.m in Sources */,
				B70A5D8D1DDD6D8A002AFE8B /* JDShoppingCollectionCell.m in Sources */,
			);
			runOnlyForDeploymentPostprocessing = 0;
		};
/* End PBXSourcesBuildPhase section */

/* Begin PBXVariantGroup section */
		900534B11DD1ADD4000E089C /* Main.storyboard */ = {
			isa = PBXVariantGroup;
			children = (
				900534B21DD1ADD4000E089C /* Base */,
			);
			name = Main.storyboard;
			path = ..;
			sourceTree = "<group>";
		};
		900534B91DD1ADD4000E089C /* LaunchScreen.storyboard */ = {
			isa = PBXVariantGroup;
			children = (
				900534BA1DD1ADD4000E089C /* Base */,
			);
			name = LaunchScreen.storyboard;
			sourceTree = "<group>";
		};
/* End PBXVariantGroup section */

/* Begin XCBuildConfiguration section */
		900534BD1DD1ADD4000E089C /* Debug */ = {
			isa = XCBuildConfiguration;
			buildSettings = {
				ALWAYS_SEARCH_USER_PATHS = NO;
				CLANG_ANALYZER_NONNULL = YES;
				CLANG_CXX_LANGUAGE_STANDARD = "gnu++0x";
				CLANG_CXX_LIBRARY = "libc++";
				CLANG_ENABLE_MODULES = YES;
				CLANG_ENABLE_OBJC_ARC = YES;
				CLANG_WARN_BOOL_CONVERSION = YES;
				CLANG_WARN_CONSTANT_CONVERSION = YES;
				CLANG_WARN_DIRECT_OBJC_ISA_USAGE = YES_ERROR;
				CLANG_WARN_DOCUMENTATION_COMMENTS = YES;
				CLANG_WARN_EMPTY_BODY = YES;
				CLANG_WARN_ENUM_CONVERSION = YES;
				CLANG_WARN_INFINITE_RECURSION = YES;
				CLANG_WARN_INT_CONVERSION = YES;
				CLANG_WARN_OBJC_ROOT_CLASS = YES_ERROR;
				CLANG_WARN_SUSPICIOUS_MOVES = YES;
				CLANG_WARN_UNREACHABLE_CODE = YES;
				CLANG_WARN__DUPLICATE_METHOD_MATCH = YES;
				"CODE_SIGN_IDENTITY[sdk=iphoneos*]" = "iPhone Developer";
				COPY_PHASE_STRIP = NO;
				DEBUG_INFORMATION_FORMAT = dwarf;
				ENABLE_STRICT_OBJC_MSGSEND = YES;
				ENABLE_TESTABILITY = YES;
				GCC_C_LANGUAGE_STANDARD = gnu99;
				GCC_DYNAMIC_NO_PIC = NO;
				GCC_NO_COMMON_BLOCKS = YES;
				GCC_OPTIMIZATION_LEVEL = 0;
				GCC_PREFIX_HEADER = "$(SRCROOT)/$(PROJECT_NAME)/Library/PrefixHeader.pch";
				GCC_PREPROCESSOR_DEFINITIONS = (
					"DEBUG=1",
					"$(inherited)",
				);
				GCC_WARN_64_TO_32_BIT_CONVERSION = YES;
				GCC_WARN_ABOUT_RETURN_TYPE = YES_ERROR;
				GCC_WARN_UNDECLARED_SELECTOR = YES;
				GCC_WARN_UNINITIALIZED_AUTOS = YES_AGGRESSIVE;
				GCC_WARN_UNUSED_FUNCTION = YES;
				GCC_WARN_UNUSED_VARIABLE = YES;
				IPHONEOS_DEPLOYMENT_TARGET = 10.0;
				MTL_ENABLE_DEBUG_INFO = YES;
				ONLY_ACTIVE_ARCH = YES;
				SDKROOT = iphoneos;
				TARGETED_DEVICE_FAMILY = "1,2";
			};
			name = Debug;
		};
		900534BE1DD1ADD4000E089C /* Release */ = {
			isa = XCBuildConfiguration;
			buildSettings = {
				ALWAYS_SEARCH_USER_PATHS = NO;
				CLANG_ANALYZER_NONNULL = YES;
				CLANG_CXX_LANGUAGE_STANDARD = "gnu++0x";
				CLANG_CXX_LIBRARY = "libc++";
				CLANG_ENABLE_MODULES = YES;
				CLANG_ENABLE_OBJC_ARC = YES;
				CLANG_WARN_BOOL_CONVERSION = YES;
				CLANG_WARN_CONSTANT_CONVERSION = YES;
				CLANG_WARN_DIRECT_OBJC_ISA_USAGE = YES_ERROR;
				CLANG_WARN_DOCUMENTATION_COMMENTS = YES;
				CLANG_WARN_EMPTY_BODY = YES;
				CLANG_WARN_ENUM_CONVERSION = YES;
				CLANG_WARN_INFINITE_RECURSION = YES;
				CLANG_WARN_INT_CONVERSION = YES;
				CLANG_WARN_OBJC_ROOT_CLASS = YES_ERROR;
				CLANG_WARN_SUSPICIOUS_MOVES = YES;
				CLANG_WARN_UNREACHABLE_CODE = YES;
				CLANG_WARN__DUPLICATE_METHOD_MATCH = YES;
				"CODE_SIGN_IDENTITY[sdk=iphoneos*]" = "iPhone Developer";
				COPY_PHASE_STRIP = NO;
				DEBUG_INFORMATION_FORMAT = "dwarf-with-dsym";
				ENABLE_NS_ASSERTIONS = NO;
				ENABLE_STRICT_OBJC_MSGSEND = YES;
				GCC_C_LANGUAGE_STANDARD = gnu99;
				GCC_NO_COMMON_BLOCKS = YES;
				GCC_PREFIX_HEADER = "$(SRCROOT)/$(PROJECT_NAME)/Library/PrefixHeader.pch";
				GCC_WARN_64_TO_32_BIT_CONVERSION = YES;
				GCC_WARN_ABOUT_RETURN_TYPE = YES_ERROR;
				GCC_WARN_UNDECLARED_SELECTOR = YES;
				GCC_WARN_UNINITIALIZED_AUTOS = YES_AGGRESSIVE;
				GCC_WARN_UNUSED_FUNCTION = YES;
				GCC_WARN_UNUSED_VARIABLE = YES;
				IPHONEOS_DEPLOYMENT_TARGET = 10.0;
				MTL_ENABLE_DEBUG_INFO = NO;
				SDKROOT = iphoneos;
				TARGETED_DEVICE_FAMILY = "1,2";
				VALIDATE_PRODUCT = YES;
			};
			name = Release;
		};
		900534C01DD1ADD4000E089C /* Debug */ = {
			isa = XCBuildConfiguration;
			baseConfigurationReference = 1E86B6114A010C97FB24BD1B /* Pods-商城模板.debug.xcconfig */;
			buildSettings = {
				ASSETCATALOG_COMPILER_APPICON_NAME = AppIcon;
				DEVELOPMENT_TEAM = 25MJECS72H;
				INFOPLIST_FILE = "商城模板/Info.plist";
				IPHONEOS_DEPLOYMENT_TARGET = 8.0;
				LD_RUNPATH_SEARCH_PATHS = "$(inherited) @executable_path/Frameworks";
				PRODUCT_BUNDLE_IDENTIFIER = "com.jdnt.www.----";
				PRODUCT_NAME = "$(TARGET_NAME)";
				TARGETED_DEVICE_FAMILY = 1;
			};
			name = Debug;
		};
		900534C11DD1ADD4000E089C /* Release */ = {
			isa = XCBuildConfiguration;
			baseConfigurationReference = 85BD24F0FE61360665667A2D /* Pods-商城模板.release.xcconfig */;
			buildSettings = {
				ASSETCATALOG_COMPILER_APPICON_NAME = AppIcon;
				DEVELOPMENT_TEAM = 25MJECS72H;
				INFOPLIST_FILE = "商城模板/Info.plist";
				IPHONEOS_DEPLOYMENT_TARGET = 8.0;
				LD_RUNPATH_SEARCH_PATHS = "$(inherited) @executable_path/Frameworks";
				PRODUCT_BUNDLE_IDENTIFIER = "com.jdnt.www.----";
				PRODUCT_NAME = "$(TARGET_NAME)";
				TARGETED_DEVICE_FAMILY = 1;
			};
			name = Release;
		};
/* End XCBuildConfiguration section */

/* Begin XCConfigurationList section */
		900534A01DD1ADD4000E089C /* Build configuration list for PBXProject "商城模板" */ = {
			isa = XCConfigurationList;
			buildConfigurations = (
				900534BD1DD1ADD4000E089C /* Debug */,
				900534BE1DD1ADD4000E089C /* Release */,
			);
			defaultConfigurationIsVisible = 0;
			defaultConfigurationName = Release;
		};
		900534BF1DD1ADD4000E089C /* Build configuration list for PBXNativeTarget "商城模板" */ = {
			isa = XCConfigurationList;
			buildConfigurations = (
				900534C01DD1ADD4000E089C /* Debug */,
				900534C11DD1ADD4000E089C /* Release */,
			);
			defaultConfigurationIsVisible = 0;
			defaultConfigurationName = Release;
		};
/* End XCConfigurationList section */

/* Begin XCVersionGroup section */
		900534B41DD1ADD4000E089C /* ____.xcdatamodeld */ = {
			isa = XCVersionGroup;
			children = (
				900534B51DD1ADD4000E089C /* ____.xcdatamodel */,
			);
			currentVersion = 900534B51DD1ADD4000E089C /* ____.xcdatamodel */;
			path = "____.xcdatamodeld";
			sourceTree = "<group>";
			versionGroupType = wrapper.xcdatamodel;
		};
/* End XCVersionGroup section */
	};
	rootObject = 9005349D1DD1ADD4000E089C /* Project object */;
}
